
Microsoft Visual Studio Solution File, Format Version 12.00
# Visual Studio 15
VisualStudioVersion = 15.0.28307.136
MinimumVisualStudioVersion = 10.0.40219.1
Project("{FAE04EC0-301F-11D3-BF4B-00C04F79EFBC}") = "Txt2Pdf", "Txt2Pdf.csproj", "{62BFC3AF-3132-48EB-9F70-74C389C6FBBE}"
EndProject
Global
	GlobalSection(SolutionConfigurationPlatforms) = preSolution
		Debug|Any CPU = Debug|Any CPU
		Release|Any CPU = Release|Any CPU
	EndGlobalSection
	GlobalSection(ProjectConfigurationPlatforms) = postSolution
		{62BFC3AF-3132-48EB-9F70-74C389C6FBBE}.Debug|Any CPU.ActiveCfg = Debug|Any CPU
		{62BFC3AF-3132-48EB-9F70-74C389C6FBBE}.Debug|Any CPU.Build.0 = Debug|Any CPU
		{62BFC3AF-3132-48EB-9F70-74C389C6FBBE}.Release|Any CPU.ActiveCfg = Release|Any CPU
		{62BFC3AF-3132-48EB-9F70-74C389C6FBBE}.Release|Any CPU.Build.0 = Release|Any CPU
	EndGlobalSection
	GlobalSection(SolutionProperties) = preSolution
		HideSolutionNode = FALSE
	EndGlobalSection
	GlobalSection(ExtensibilityGlobals) = postSolution
		SolutionGuid = {E7EFDB9A-31B8-4CF0-91D6-6A1222786639}
	EndGlobalSection
EndGlobal
